
Microsoft Visual Studio Solution File, Format Version 12.00
# Visual Studio Version 17
VisualStudioVersion = 17.10.35013.160
MinimumVisualStudioVersion = 10.0.40219.1
Project("{FAE04EC0-301F-11D3-BF4B-00C04F79EFBC}") = "exercicio-4", "exercicio-4.csproj", "{1C0E109D-C13C-45E3-8117-8CC01DFA951D}"
EndProject
Global
	GlobalSection(SolutionConfigurationPlatforms) = preSolution
		Debug|Any CPU = Debug|Any CPU
		Release|Any CPU = Release|Any CPU
	EndGlobalSection
	GlobalSection(ProjectConfigurationPlatforms) = postSolution
		{1C0E109D-C13C-45E3-8117-8CC01DFA951D}.Debug|Any CPU.ActiveCfg = Debug|Any CPU
		{1C0E109D-C13C-45E3-8117-8CC01DFA951D}.Debug|Any CPU.Build.0 = Debug|Any CPU
		{1C0E109D-C13C-45E3-8117-8CC01DFA951D}.Release|Any CPU.ActiveCfg = Release|Any CPU
		{1C0E109D-C13C-45E3-8117-8CC01DFA951D}.Release|Any CPU.Build.0 = Release|Any CPU
	EndGlobalSection
	GlobalSection(SolutionProperties) = preSolution
		HideSolutionNode = FALSE
	EndGlobalSection
	GlobalSection(ExtensibilityGlobals) = postSolution
		SolutionGuid = {FAE2B9CA-9151-4730-9FCB-F1A7C4103567}
	EndGlobalSection
EndGlobal
