
Microsoft Visual Studio Solution File, Format Version 12.00
# Visual Studio Version 17
VisualStudioVersion = 17.10.35013.160
MinimumVisualStudioVersion = 10.0.40219.1
Project("{FAE04EC0-301F-11D3-BF4B-00C04F79EFBC}") = "exercicio-7", "exercicio-7.csproj", "{FBDFEE9B-3712-4948-B965-F7779973D459}"
EndProject
Global
	GlobalSection(SolutionConfigurationPlatforms) = preSolution
		Debug|Any CPU = Debug|Any CPU
		Release|Any CPU = Release|Any CPU
	EndGlobalSection
	GlobalSection(ProjectConfigurationPlatforms) = postSolution
		{FBDFEE9B-3712-4948-B965-F7779973D459}.Debug|Any CPU.ActiveCfg = Debug|Any CPU
		{FBDFEE9B-3712-4948-B965-F7779973D459}.Debug|Any CPU.Build.0 = Debug|Any CPU
		{FBDFEE9B-3712-4948-B965-F7779973D459}.Release|Any CPU.ActiveCfg = Release|Any CPU
		{FBDFEE9B-3712-4948-B965-F7779973D459}.Release|Any CPU.Build.0 = Release|Any CPU
	EndGlobalSection
	GlobalSection(SolutionProperties) = preSolution
		HideSolutionNode = FALSE
	EndGlobalSection
	GlobalSection(ExtensibilityGlobals) = postSolution
		SolutionGuid = {54733DC3-B765-4AAA-8397-FA73A0716F90}
	EndGlobalSection
EndGlobal
