
Microsoft Visual Studio Solution File, Format Version 12.00
# Visual Studio Version 17
VisualStudioVersion = 17.10.34928.147
MinimumVisualStudioVersion = 10.0.40219.1
Project("{FAE04EC0-301F-11D3-BF4B-00C04F79EFBC}") = "Exercicio-6", "Exercicio-6.csproj", "{0431F9DE-8C65-4579-913F-D3A5E350C524}"
EndProject
Global
	GlobalSection(SolutionConfigurationPlatforms) = preSolution
		Debug|Any CPU = Debug|Any CPU
		Release|Any CPU = Release|Any CPU
	EndGlobalSection
	GlobalSection(ProjectConfigurationPlatforms) = postSolution
		{0431F9DE-8C65-4579-913F-D3A5E350C524}.Debug|Any CPU.ActiveCfg = Debug|Any CPU
		{0431F9DE-8C65-4579-913F-D3A5E350C524}.Debug|Any CPU.Build.0 = Debug|Any CPU
		{0431F9DE-8C65-4579-913F-D3A5E350C524}.Release|Any CPU.ActiveCfg = Release|Any CPU
		{0431F9DE-8C65-4579-913F-D3A5E350C524}.Release|Any CPU.Build.0 = Release|Any CPU
	EndGlobalSection
	GlobalSection(SolutionProperties) = preSolution
		HideSolutionNode = FALSE
	EndGlobalSection
	GlobalSection(ExtensibilityGlobals) = postSolution
		SolutionGuid = {C15298A6-01CB-4506-8B3F-3F9165A43A0E}
	EndGlobalSection
EndGlobal
